// !$*UTF8*$!
{
	archiveVersion = 1;
	classes = {
	};
	objectVersion = 45;
	objects = {

/* Begin PBXBuildFile section */
		1D3623260D0F684500981E51 /* TIHAppDelegate.m in Sources */ = {isa = PBXBuildFile; fileRef = 1D3623250D0F684500981E51 /* TIHAppDelegate.m */; };
		1D60589B0D05DD56006BFB54 /* main.m in Sources */ = {isa = PBXBuildFile; fileRef = 29B97316FDCFA39411CA2CEA /* main.m */; };
		1D60589F0D05DD5A006BFB54 /* Foundation.framework in Frameworks */ = {isa = PBXBuildFile; fileRef = 1D30AB110D05D00D00671497 /* Foundation.framework */; };
		1DF5F4E00D08C38300B7A737 /* UIKit.framework in Frameworks */ = {isa = PBXBuildFile; fileRef = 1DF5F4DF0D08C38300B7A737 /* UIKit.framework */; };
		2892E4100DC94CBA00A64D0F /* CoreGraphics.framework in Frameworks */ = {isa = PBXBuildFile; fileRef = 2892E40F0DC94CBA00A64D0F /* CoreGraphics.framework */; };
		28AD73600D9D9599002E5188 /* MainWindow.xib in Resources */ = {isa = PBXBuildFile; fileRef = 28AD735F0D9D9599002E5188 /* MainWindow.xib */; };
		28C286E10D94DF7D0034E888 /* RootViewController.m in Sources */ = {isa = PBXBuildFile; fileRef = 28C286E00D94DF7D0034E888 /* RootViewController.m */; };
		28F335F11007B36200424DE2 /* RootViewController.xib in Resources */ = {isa = PBXBuildFile; fileRef = 28F335F01007B36200424DE2 /* RootViewController.xib */; };
		A52F480C10EAAC1200894139 /* GTMIPhoneUnitTestDelegate.m in Sources */ = {isa = PBXBuildFile; fileRef = A52F480510EAABF900894139 /* GTMIPhoneUnitTestDelegate.m */; };
		A52F480D10EAAC1500894139 /* GTMIPhoneUnitTestMain.m in Sources */ = {isa = PBXBuildFile; fileRef = A52F480610EAABF900894139 /* GTMIPhoneUnitTestMain.m */; };
		A52F480E10EAAC1A00894139 /* GTMSenTestCase.m in Sources */ = {isa = PBXBuildFile; fileRef = A52F480810EAABF900894139 /* GTMSenTestCase.m */; };
		A52F482910EAACEA00894139 /* GTMObjC2Runtime.m in Sources */ = {isa = PBXBuildFile; fileRef = A52F482810EAACEA00894139 /* GTMObjC2Runtime.m */; };
		A52F482F10EAAD3300894139 /* Event.m in Sources */ = {isa = PBXBuildFile; fileRef = D5D8653B109C98E300DA5B25 /* Event.m */; };
		A52F483010EAAD3300894139 /* Tag.m in Sources */ = {isa = PBXBuildFile; fileRef = D5CFA75E109CCC1C00645CD0 /* Tag.m */; };
		A52F483110EAAD3300894139 /* Server.m in Sources */ = {isa = PBXBuildFile; fileRef = D5CFA762109CD78200645CD0 /* Server.m */; };
		A52F483610EAAD7300894139 /* EventTest.m in Sources */ = {isa = PBXBuildFile; fileRef = A52F483510EAAD7300894139 /* EventTest.m */; };
		A52F483D10EAAFA500894139 /* PLBlocks.framework in Frameworks */ = {isa = PBXBuildFile; fileRef = A590A93410E661D800A3151C /* PLBlocks.framework */; };
		A52F484010EAAFAC00894139 /* Foundation.framework in Frameworks */ = {isa = PBXBuildFile; fileRef = 1D30AB110D05D00D00671497 /* Foundation.framework */; };
		A52F484110EAAFAC00894139 /* UIKit.framework in Frameworks */ = {isa = PBXBuildFile; fileRef = 1DF5F4DF0D08C38300B7A737 /* UIKit.framework */; };
		A52F484210EAAFAC00894139 /* CoreGraphics.framework in Frameworks */ = {isa = PBXBuildFile; fileRef = 2892E40F0DC94CBA00A64D0F /* CoreGraphics.framework */; };
		A52F484710EAAFCE00894139 /* DDXMLDocument+HTML.m in Sources */ = {isa = PBXBuildFile; fileRef = D5779A4D10CC040000CDD0E7 /* DDXMLDocument+HTML.m */; };
		A52F484910EAAFCE00894139 /* DDXMLNode+HTML.m in Sources */ = {isa = PBXBuildFile; fileRef = D5779A4F10CC040000CDD0E7 /* DDXMLNode+HTML.m */; };
		A52F484C10EAAFCE00894139 /* DDXMLDocument.m in Sources */ = {isa = PBXBuildFile; fileRef = D57799B310CC02D200CDD0E7 /* DDXMLDocument.m */; };
		A52F484E10EAAFCE00894139 /* DDXMLElement.m in Sources */ = {isa = PBXBuildFile; fileRef = D57799B510CC02D200CDD0E7 /* DDXMLElement.m */; };
		A52F485010EAAFCE00894139 /* DDXMLElementAdditions.m in Sources */ = {isa = PBXBuildFile; fileRef = D57799B710CC02D200CDD0E7 /* DDXMLElementAdditions.m */; };
		A52F485210EAAFCE00894139 /* DDXMLNode.m in Sources */ = {isa = PBXBuildFile; fileRef = D57799B910CC02D200CDD0E7 /* DDXMLNode.m */; };
		A52F485510EAAFCE00894139 /* NSStringAdditions.m in Sources */ = {isa = PBXBuildFile; fileRef = D57799BC10CC02D200CDD0E7 /* NSStringAdditions.m */; };
		A590A93510E661D800A3151C /* PLBlocks.framework in Frameworks */ = {isa = PBXBuildFile; fileRef = A590A93410E661D800A3151C /* PLBlocks.framework */; };
		A590A93810E661EE00A3151C /* NSThread+PLBlocks.m in Sources */ = {isa = PBXBuildFile; fileRef = A590A93710E661EE00A3151C /* NSThread+PLBlocks.m */; };
		D50C675C109A19DE00E47FD2 /* TagsController.m in Sources */ = {isa = PBXBuildFile; fileRef = D50C675A109A19DE00E47FD2 /* TagsController.m */; };
		D52F90E910B41FA200A08BF6 /* 01-refresh.png in Resources */ = {isa = PBXBuildFile; fileRef = D52F90E610B41FA200A08BF6 /* 01-refresh.png */; };
		D52F90EA10B41FA200A08BF6 /* NavBack.png in Resources */ = {isa = PBXBuildFile; fileRef = D52F90E710B41FA200A08BF6 /* NavBack.png */; };
		D52F90EB10B41FA200A08BF6 /* NavForward.png in Resources */ = {isa = PBXBuildFile; fileRef = D52F90E810B41FA200A08BF6 /* NavForward.png */; };
		D57799BD10CC02D200CDD0E7 /* DDXMLDocument.m in Sources */ = {isa = PBXBuildFile; fileRef = D57799B310CC02D200CDD0E7 /* DDXMLDocument.m */; };
		D57799BE10CC02D200CDD0E7 /* DDXMLElement.m in Sources */ = {isa = PBXBuildFile; fileRef = D57799B510CC02D200CDD0E7 /* DDXMLElement.m */; };
		D57799BF10CC02D200CDD0E7 /* DDXMLElementAdditions.m in Sources */ = {isa = PBXBuildFile; fileRef = D57799B710CC02D200CDD0E7 /* DDXMLElementAdditions.m */; };
		D57799C010CC02D200CDD0E7 /* DDXMLNode.m in Sources */ = {isa = PBXBuildFile; fileRef = D57799B910CC02D200CDD0E7 /* DDXMLNode.m */; };
		D57799C110CC02D200CDD0E7 /* NSStringAdditions.m in Sources */ = {isa = PBXBuildFile; fileRef = D57799BC10CC02D200CDD0E7 /* NSStringAdditions.m */; };
		D5779A5010CC040000CDD0E7 /* DDXMLDocument+HTML.m in Sources */ = {isa = PBXBuildFile; fileRef = D5779A4D10CC040000CDD0E7 /* DDXMLDocument+HTML.m */; };
		D5779A5110CC040000CDD0E7 /* DDXMLNode+HTML.m in Sources */ = {isa = PBXBuildFile; fileRef = D5779A4F10CC040000CDD0E7 /* DDXMLNode+HTML.m */; };
		D577AA5310DD19C100CDD0E7 /* March_1.html in Resources */ = {isa = PBXBuildFile; fileRef = D577AA5210DD19C100CDD0E7 /* March_1.html */; };
		D5BA9B6410B438C30066082A /* TagsController.xib in Resources */ = {isa = PBXBuildFile; fileRef = D5BA9B6310B438C30066082A /* TagsController.xib */; };
		D5CFA75F109CCC1C00645CD0 /* Tag.m in Sources */ = {isa = PBXBuildFile; fileRef = D5CFA75E109CCC1C00645CD0 /* Tag.m */; };
		D5CFA763109CD78200645CD0 /* Server.m in Sources */ = {isa = PBXBuildFile; fileRef = D5CFA762109CD78200645CD0 /* Server.m */; };
		D5D206E010B03AEE00C3531C /* BrowserViewController.m in Sources */ = {isa = PBXBuildFile; fileRef = D5D206DF10B03AEE00C3531C /* BrowserViewController.m */; };
		D5D206E210B03B0000C3531C /* BrowserViewController.xib in Resources */ = {isa = PBXBuildFile; fileRef = D5D206E110B03B0000C3531C /* BrowserViewController.xib */; };
		D5D2070D10B03FE300C3531C /* NetState.m in Sources */ = {isa = PBXBuildFile; fileRef = D5D2070C10B03FE300C3531C /* NetState.m */; };
		D5D8653C109C98E300DA5B25 /* Event.m in Sources */ = {isa = PBXBuildFile; fileRef = D5D8653B109C98E300DA5B25 /* Event.m */; };
/* End PBXBuildFile section */

/* Begin PBXFileReference section */
		1D30AB110D05D00D00671497 /* Foundation.framework */ = {isa = PBXFileReference; lastKnownFileType = wrapper.framework; name = Foundation.framework; path = System/Library/Frameworks/Foundation.framework; sourceTree = SDKROOT; };
		1D3623240D0F684500981E51 /* TIHAppDelegate.h */ = {isa = PBXFileReference; fileEncoding = 4; lastKnownFileType = sourcecode.c.h; path = TIHAppDelegate.h; sourceTree = "<group>"; };
		1D3623250D0F684500981E51 /* TIHAppDelegate.m */ = {isa = PBXFileReference; fileEncoding = 4; lastKnownFileType = sourcecode.c.objc; path = TIHAppDelegate.m; sourceTree = "<group>"; };
		1D6058910D05DD3D006BFB54 /* TodayInHistory.app */ = {isa = PBXFileReference; explicitFileType = wrapper.application; includeInIndex = 0; path = TodayInHistory.app; sourceTree = BUILT_PRODUCTS_DIR; };
		1DF5F4DF0D08C38300B7A737 /* UIKit.framework */ = {isa = PBXFileReference; lastKnownFileType = wrapper.framework; name = UIKit.framework; path = System/Library/Frameworks/UIKit.framework; sourceTree = SDKROOT; };
		2892E40F0DC94CBA00A64D0F /* CoreGraphics.framework */ = {isa = PBXFileReference; lastKnownFileType = wrapper.framework; name = CoreGraphics.framework; path = System/Library/Frameworks/CoreGraphics.framework; sourceTree = SDKROOT; };
		28A0AAE50D9B0CCF005BE974 /* TodayInHistory_Prefix.pch */ = {isa = PBXFileReference; fileEncoding = 4; lastKnownFileType = sourcecode.c.h; path = TodayInHistory_Prefix.pch; sourceTree = "<group>"; };
		28AD735F0D9D9599002E5188 /* MainWindow.xib */ = {isa = PBXFileReference; lastKnownFileType = file.xib; path = MainWindow.xib; sourceTree = "<group>"; };
		28C286DF0D94DF7D0034E888 /* RootViewController.h */ = {isa = PBXFileReference; fileEncoding = 4; lastKnownFileType = sourcecode.c.h; path = RootViewController.h; sourceTree = "<group>"; };
		28C286E00D94DF7D0034E888 /* RootViewController.m */ = {isa = PBXFileReference; fileEncoding = 4; lastKnownFileType = sourcecode.c.objc; path = RootViewController.m; sourceTree = "<group>"; };
		28F335F01007B36200424DE2 /* RootViewController.xib */ = {isa = PBXFileReference; lastKnownFileType = file.xib; path = RootViewController.xib; sourceTree = "<group>"; };
		29B97316FDCFA39411CA2CEA /* main.m */ = {isa = PBXFileReference; fileEncoding = 4; lastKnownFileType = sourcecode.c.objc; path = main.m; sourceTree = "<group>"; };
		8D1107310486CEB800E47090 /* TodayInHistory-Info.plist */ = {isa = PBXFileReference; fileEncoding = 4; lastKnownFileType = text.plist.xml; path = "TodayInHistory-Info.plist"; plistStructureDefinitionIdentifier = "com.apple.xcode.plist.structure-definition.iphone.info-plist"; sourceTree = "<group>"; };
		A52F47F710EAAB6500894139 /* Tests.app */ = {isa = PBXFileReference; explicitFileType = wrapper.application; includeInIndex = 0; path = Tests.app; sourceTree = BUILT_PRODUCTS_DIR; };
		A52F47F910EAAB6500894139 /* Tests-Info.plist */ = {isa = PBXFileReference; lastKnownFileType = text.plist.xml; path = "Tests-Info.plist"; sourceTree = "<group>"; };
		A52F480310EAABF900894139 /* GTMDefines.h */ = {isa = PBXFileReference; fileEncoding = 4; lastKnownFileType = sourcecode.c.h; name = GTMDefines.h; path = Tests/GTMDefines.h; sourceTree = "<group>"; };
		A52F480410EAABF900894139 /* GTMIPhoneUnitTestDelegate.h */ = {isa = PBXFileReference; fileEncoding = 4; lastKnownFileType = sourcecode.c.h; name = GTMIPhoneUnitTestDelegate.h; path = Tests/GTMIPhoneUnitTestDelegate.h; sourceTree = "<group>"; };
		A52F480510EAABF900894139 /* GTMIPhoneUnitTestDelegate.m */ = {isa = PBXFileReference; fileEncoding = 4; lastKnownFileType = sourcecode.c.objc; name = GTMIPhoneUnitTestDelegate.m; path = Tests/GTMIPhoneUnitTestDelegate.m; sourceTree = "<group>"; };
		A52F480610EAABF900894139 /* GTMIPhoneUnitTestMain.m */ = {isa = PBXFileReference; fileEncoding = 4; lastKnownFileType = sourcecode.c.objc; name = GTMIPhoneUnitTestMain.m; path = Tests/GTMIPhoneUnitTestMain.m; sourceTree = "<group>"; };
		A52F480710EAABF900894139 /* GTMSenTestCase.h */ = {isa = PBXFileReference; fileEncoding = 4; lastKnownFileType = sourcecode.c.h; name = GTMSenTestCase.h; path = Tests/GTMSenTestCase.h; sourceTree = "<group>"; };
		A52F480810EAABF900894139 /* GTMSenTestCase.m */ = {isa = PBXFileReference; fileEncoding = 4; lastKnownFileType = sourcecode.c.objc; name = GTMSenTestCase.m; path = Tests/GTMSenTestCase.m; sourceTree = "<group>"; };
		A52F482710EAACEA00894139 /* GTMObjC2Runtime.h */ = {isa = PBXFileReference; fileEncoding = 4; lastKnownFileType = sourcecode.c.h; name = GTMObjC2Runtime.h; path = Tests/GTMObjC2Runtime.h; sourceTree = "<group>"; };
		A52F482810EAACEA00894139 /* GTMObjC2Runtime.m */ = {isa = PBXFileReference; fileEncoding = 4; lastKnownFileType = sourcecode.c.objc; name = GTMObjC2Runtime.m; path = Tests/GTMObjC2Runtime.m; sourceTree = "<group>"; };
		A52F483510EAAD7300894139 /* EventTest.m */ = {isa = PBXFileReference; fileEncoding = 4; lastKnownFileType = sourcecode.c.objc; name = EventTest.m; path = Tests/EventTest.m; sourceTree = "<group>"; };
		A590A93410E661D800A3151C /* PLBlocks.framework */ = {isa = PBXFileReference; lastKnownFileType = wrapper.framework; path = PLBlocks.framework; sourceTree = "<group>"; };
		A590A93610E661EE00A3151C /* NSThread+PLBlocks.h */ = {isa = PBXFileReference; fileEncoding = 4; lastKnownFileType = sourcecode.c.h; path = "NSThread+PLBlocks.h"; sourceTree = "<group>"; };
		A590A93710E661EE00A3151C /* NSThread+PLBlocks.m */ = {isa = PBXFileReference; fileEncoding = 4; lastKnownFileType = sourcecode.c.objc; path = "NSThread+PLBlocks.m"; sourceTree = "<group>"; };
		D50C6759109A19DE00E47FD2 /* TagsController.h */ = {isa = PBXFileReference; fileEncoding = 4; lastKnownFileType = sourcecode.c.h; path = TagsController.h; sourceTree = "<group>"; };
		D50C675A109A19DE00E47FD2 /* TagsController.m */ = {isa = PBXFileReference; fileEncoding = 4; lastKnownFileType = sourcecode.c.objc; path = TagsController.m; sourceTree = "<group>"; };
		D52F90E610B41FA200A08BF6 /* 01-refresh.png */ = {isa = PBXFileReference; lastKnownFileType = image.png; path = "01-refresh.png"; sourceTree = "<group>"; };
		D52F90E710B41FA200A08BF6 /* NavBack.png */ = {isa = PBXFileReference; lastKnownFileType = image.png; path = NavBack.png; sourceTree = "<group>"; };
		D52F90E810B41FA200A08BF6 /* NavForward.png */ = {isa = PBXFileReference; lastKnownFileType = image.png; path = NavForward.png; sourceTree = "<group>"; };
		D57799B110CC02D200CDD0E7 /* DDXML.h */ = {isa = PBXFileReference; fileEncoding = 4; lastKnownFileType = sourcecode.c.h; name = DDXML.h; path = Classes/DDXML.h; sourceTree = "<group>"; };
		D57799B210CC02D200CDD0E7 /* DDXMLDocument.h */ = {isa = PBXFileReference; fileEncoding = 4; lastKnownFileType = sourcecode.c.h; name = DDXMLDocument.h; path = Classes/DDXMLDocument.h; sourceTree = "<group>"; };
		D57799B310CC02D200CDD0E7 /* DDXMLDocument.m */ = {isa = PBXFileReference; fileEncoding = 4; lastKnownFileType = sourcecode.c.objc; name = DDXMLDocument.m; path = Classes/DDXMLDocument.m; sourceTree = "<group>"; };
		D57799B410CC02D200CDD0E7 /* DDXMLElement.h */ = {isa = PBXFileReference; fileEncoding = 4; lastKnownFileType = sourcecode.c.h; name = DDXMLElement.h; path = Classes/DDXMLElement.h; sourceTree = "<group>"; };
		D57799B510CC02D200CDD0E7 /* DDXMLElement.m */ = {isa = PBXFileReference; fileEncoding = 4; lastKnownFileType = sourcecode.c.objc; name = DDXMLElement.m; path = Classes/DDXMLElement.m; sourceTree = "<group>"; };
		D57799B610CC02D200CDD0E7 /* DDXMLElementAdditions.h */ = {isa = PBXFileReference; fileEncoding = 4; lastKnownFileType = sourcecode.c.h; name = DDXMLElementAdditions.h; path = Classes/DDXMLElementAdditions.h; sourceTree = "<group>"; };
		D57799B710CC02D200CDD0E7 /* DDXMLElementAdditions.m */ = {isa = PBXFileReference; fileEncoding = 4; lastKnownFileType = sourcecode.c.objc; name = DDXMLElementAdditions.m; path = Classes/DDXMLElementAdditions.m; sourceTree = "<group>"; };
		D57799B810CC02D200CDD0E7 /* DDXMLNode.h */ = {isa = PBXFileReference; fileEncoding = 4; lastKnownFileType = sourcecode.c.h; name = DDXMLNode.h; path = Classes/DDXMLNode.h; sourceTree = "<group>"; };
		D57799B910CC02D200CDD0E7 /* DDXMLNode.m */ = {isa = PBXFileReference; fileEncoding = 4; lastKnownFileType = sourcecode.c.objc; name = DDXMLNode.m; path = Classes/DDXMLNode.m; sourceTree = "<group>"; };
		D57799BA10CC02D200CDD0E7 /* DDXMLPrivate.h */ = {isa = PBXFileReference; fileEncoding = 4; lastKnownFileType = sourcecode.c.h; name = DDXMLPrivate.h; path = Classes/DDXMLPrivate.h; sourceTree = "<group>"; };
		D57799BB10CC02D200CDD0E7 /* NSStringAdditions.h */ = {isa = PBXFileReference; fileEncoding = 4; lastKnownFileType = sourcecode.c.h; name = NSStringAdditions.h; path = Classes/NSStringAdditions.h; sourceTree = "<group>"; };
		D57799BC10CC02D200CDD0E7 /* NSStringAdditions.m */ = {isa = PBXFileReference; fileEncoding = 4; lastKnownFileType = sourcecode.c.objc; name = NSStringAdditions.m; path = Classes/NSStringAdditions.m; sourceTree = "<group>"; };
		D5779A4B10CC040000CDD0E7 /* DDXML+HTML.h */ = {isa = PBXFileReference; fileEncoding = 4; lastKnownFileType = sourcecode.c.h; name = "DDXML+HTML.h"; path = "Classes/DDXML+HTML.h"; sourceTree = "<group>"; };
		D5779A4C10CC040000CDD0E7 /* DDXMLDocument+HTML.h */ = {isa = PBXFileReference; fileEncoding = 4; lastKnownFileType = sourcecode.c.h; name = "DDXMLDocument+HTML.h"; path = "Classes/DDXMLDocument+HTML.h"; sourceTree = "<group>"; };
		D5779A4D10CC040000CDD0E7 /* DDXMLDocument+HTML.m */ = {isa = PBXFileReference; fileEncoding = 4; lastKnownFileType = sourcecode.c.objc; name = "DDXMLDocument+HTML.m"; path = "Classes/DDXMLDocument+HTML.m"; sourceTree = "<group>"; };
		D5779A4E10CC040000CDD0E7 /* DDXMLNode+HTML.h */ = {isa = PBXFileReference; fileEncoding = 4; lastKnownFileType = sourcecode.c.h; name = "DDXMLNode+HTML.h"; path = "Classes/DDXMLNode+HTML.h"; sourceTree = "<group>"; };
		D5779A4F10CC040000CDD0E7 /* DDXMLNode+HTML.m */ = {isa = PBXFileReference; fileEncoding = 4; lastKnownFileType = sourcecode.c.objc; name = "DDXMLNode+HTML.m"; path = "Classes/DDXMLNode+HTML.m"; sourceTree = "<group>"; };
		D577AA5210DD19C100CDD0E7 /* March_1.html */ = {isa = PBXFileReference; fileEncoding = 4; lastKnownFileType = text.html; path = March_1.html; sourceTree = "<group>"; };
		D5BA9B6310B438C30066082A /* TagsController.xib */ = {isa = PBXFileReference; lastKnownFileType = file.xib; path = TagsController.xib; sourceTree = "<group>"; };
		D5CFA75D109CCC1C00645CD0 /* Tag.h */ = {isa = PBXFileReference; fileEncoding = 4; lastKnownFileType = sourcecode.c.h; path = Tag.h; sourceTree = "<group>"; };
		D5CFA75E109CCC1C00645CD0 /* Tag.m */ = {isa = PBXFileReference; fileEncoding = 4; lastKnownFileType = sourcecode.c.objc; path = Tag.m; sourceTree = "<group>"; };
		D5CFA761109CD78200645CD0 /* Server.h */ = {isa = PBXFileReference; fileEncoding = 4; lastKnownFileType = sourcecode.c.h; path = Server.h; sourceTree = "<group>"; };
		D5CFA762109CD78200645CD0 /* Server.m */ = {isa = PBXFileReference; fileEncoding = 4; lastKnownFileType = sourcecode.c.objc; path = Server.m; sourceTree = "<group>"; };
		D5D206DE10B03AEE00C3531C /* BrowserViewController.h */ = {isa = PBXFileReference; fileEncoding = 4; lastKnownFileType = sourcecode.c.h; path = BrowserViewController.h; sourceTree = "<group>"; };
		D5D206DF10B03AEE00C3531C /* BrowserViewController.m */ = {isa = PBXFileReference; fileEncoding = 4; lastKnownFileType = sourcecode.c.objc; path = BrowserViewController.m; sourceTree = "<group>"; };
		D5D206E110B03B0000C3531C /* BrowserViewController.xib */ = {isa = PBXFileReference; lastKnownFileType = file.xib; path = BrowserViewController.xib; sourceTree = "<group>"; };
		D5D2070B10B03FE300C3531C /* NetState.h */ = {isa = PBXFileReference; fileEncoding = 4; lastKnownFileType = sourcecode.c.h; name = NetState.h; path = Classes/NetState.h; sourceTree = "<group>"; };
		D5D2070C10B03FE300C3531C /* NetState.m */ = {isa = PBXFileReference; fileEncoding = 4; lastKnownFileType = sourcecode.c.objc; name = NetState.m; path = Classes/NetState.m; sourceTree = "<group>"; };
		D5D8653A109C98E300DA5B25 /* Event.h */ = {isa = PBXFileReference; fileEncoding = 4; lastKnownFileType = sourcecode.c.h; path = Event.h; sourceTree = "<group>"; };
		D5D8653B109C98E300DA5B25 /* Event.m */ = {isa = PBXFileReference; fileEncoding = 4; lastKnownFileType = sourcecode.c.objc; path = Event.m; sourceTree = "<group>"; };
/* End PBXFileReference section */

/* Begin PBXFrameworksBuildPhase section */
		1D60588F0D05DD3D006BFB54 /* Frameworks */ = {
			isa = PBXFrameworksBuildPhase;
			buildActionMask = 2147483647;
			files = (
				1D60589F0D05DD5A006BFB54 /* Foundation.framework in Frameworks */,
				1DF5F4E00D08C38300B7A737 /* UIKit.framework in Frameworks */,
				2892E4100DC94CBA00A64D0F /* CoreGraphics.framework in Frameworks */,
				A590A93510E661D800A3151C /* PLBlocks.framework in Frameworks */,
			);
			runOnlyForDeploymentPostprocessing = 0;
		};
		A52F47F510EAAB6500894139 /* Frameworks */ = {
			isa = PBXFrameworksBuildPhase;
			buildActionMask = 2147483647;
			files = (
				A52F484010EAAFAC00894139 /* Foundation.framework in Frameworks */,
				A52F484110EAAFAC00894139 /* UIKit.framework in Frameworks */,
				A52F484210EAAFAC00894139 /* CoreGraphics.framework in Frameworks */,
				A52F483D10EAAFA500894139 /* PLBlocks.framework in Frameworks */,
			);
			runOnlyForDeploymentPostprocessing = 0;
		};
/* End PBXFrameworksBuildPhase section */

/* Begin PBXGroup section */
		080E96DDFE201D6D7F000001 /* Classes */ = {
			isa = PBXGroup;
			children = (
				A52F47DB10EAA9AB00894139 /* Backend */,
				A52F47DC10EAA9C100894139 /* Controllers */,
			);
			path = Classes;
			sourceTree = "<group>";
		};
		19C28FACFE9D520D11CA2CBB /* Products */ = {
			isa = PBXGroup;
			children = (
				1D6058910D05DD3D006BFB54 /* TodayInHistory.app */,
				A52F47F710EAAB6500894139 /* Tests.app */,
			);
			name = Products;
			sourceTree = "<group>";
		};
		29B97314FDCFA39411CA2CEA /* CustomTemplate */ = {
			isa = PBXGroup;
			children = (
				A52F480010EAAB9A00894139 /* Tests */,
				D5EF938910BF1A5B004A40DE /* XIB */,
				080E96DDFE201D6D7F000001 /* Classes */,
				29B97315FDCFA39411CA2CEA /* Other Sources */,
				29B97317FDCFA39411CA2CEA /* Resources */,
				29B97323FDCFA39411CA2CEA /* Frameworks */,
				19C28FACFE9D520D11CA2CBB /* Products */,
				A52F47F910EAAB6500894139 /* Tests-Info.plist */,
			);
			name = CustomTemplate;
			sourceTree = "<group>";
		};
		29B97315FDCFA39411CA2CEA /* Other Sources */ = {
			isa = PBXGroup;
			children = (
				D577A66210CE9A4500CDD0E7 /* KissXML */,
				D5D2070B10B03FE300C3531C /* NetState.h */,
				D5D2070C10B03FE300C3531C /* NetState.m */,
				A590A93610E661EE00A3151C /* NSThread+PLBlocks.h */,
				A590A93710E661EE00A3151C /* NSThread+PLBlocks.m */,
				28A0AAE50D9B0CCF005BE974 /* TodayInHistory_Prefix.pch */,
				29B97316FDCFA39411CA2CEA /* main.m */,
			);
			name = "Other Sources";
			sourceTree = "<group>";
		};
		29B97317FDCFA39411CA2CEA /* Resources */ = {
			isa = PBXGroup;
			children = (
				D577AA5210DD19C100CDD0E7 /* March_1.html */,
				D52F90E610B41FA200A08BF6 /* 01-refresh.png */,
				D52F90E710B41FA200A08BF6 /* NavBack.png */,
				D52F90E810B41FA200A08BF6 /* NavForward.png */,
				8D1107310486CEB800E47090 /* TodayInHistory-Info.plist */,
			);
			name = Resources;
			sourceTree = "<group>";
		};
		29B97323FDCFA39411CA2CEA /* Frameworks */ = {
			isa = PBXGroup;
			children = (
				A590A93410E661D800A3151C /* PLBlocks.framework */,
				1DF5F4DF0D08C38300B7A737 /* UIKit.framework */,
				1D30AB110D05D00D00671497 /* Foundation.framework */,
				2892E40F0DC94CBA00A64D0F /* CoreGraphics.framework */,
			);
			name = Frameworks;
			sourceTree = "<group>";
		};
		A52F47DB10EAA9AB00894139 /* Backend */ = {
			isa = PBXGroup;
			children = (
				D5D8653A109C98E300DA5B25 /* Event.h */,
				D5D8653B109C98E300DA5B25 /* Event.m */,
				D5CFA75D109CCC1C00645CD0 /* Tag.h */,
				D5CFA75E109CCC1C00645CD0 /* Tag.m */,
				D5CFA761109CD78200645CD0 /* Server.h */,
				D5CFA762109CD78200645CD0 /* Server.m */,
			);
			name = Backend;
			sourceTree = "<group>";
		};
		A52F47DC10EAA9C100894139 /* Controllers */ = {
			isa = PBXGroup;
			children = (
				D5D206DE10B03AEE00C3531C /* BrowserViewController.h */,
				D5D206DF10B03AEE00C3531C /* BrowserViewController.m */,
				28C286DF0D94DF7D0034E888 /* RootViewController.h */,
				28C286E00D94DF7D0034E888 /* RootViewController.m */,
				1D3623240D0F684500981E51 /* TIHAppDelegate.h */,
				1D3623250D0F684500981E51 /* TIHAppDelegate.m */,
				D50C6759109A19DE00E47FD2 /* TagsController.h */,
				D50C675A109A19DE00E47FD2 /* TagsController.m */,
			);
			name = Controllers;
			sourceTree = "<group>";
		};
		A52F480010EAAB9A00894139 /* Tests */ = {
			isa = PBXGroup;
			children = (
				A52F482C10EAAD1200894139 /* Support */,
				A52F483510EAAD7300894139 /* EventTest.m */,
			);
			name = Tests;
			sourceTree = "<group>";
		};
		A52F482C10EAAD1200894139 /* Support */ = {
			isa = PBXGroup;
			children = (
				A52F480310EAABF900894139 /* GTMDefines.h */,
				A52F480410EAABF900894139 /* GTMIPhoneUnitTestDelegate.h */,
				A52F480510EAABF900894139 /* GTMIPhoneUnitTestDelegate.m */,
				A52F480610EAABF900894139 /* GTMIPhoneUnitTestMain.m */,
				A52F480710EAABF900894139 /* GTMSenTestCase.h */,
				A52F480810EAABF900894139 /* GTMSenTestCase.m */,
				A52F482710EAACEA00894139 /* GTMObjC2Runtime.h */,
				A52F482810EAACEA00894139 /* GTMObjC2Runtime.m */,
			);
			name = Support;
			sourceTree = "<group>";
		};
		D577A66210CE9A4500CDD0E7 /* KissXML */ = {
			isa = PBXGroup;
			children = (
				D5779A4B10CC040000CDD0E7 /* DDXML+HTML.h */,
				D5779A4C10CC040000CDD0E7 /* DDXMLDocument+HTML.h */,
				D5779A4D10CC040000CDD0E7 /* DDXMLDocument+HTML.m */,
				D5779A4E10CC040000CDD0E7 /* DDXMLNode+HTML.h */,
				D5779A4F10CC040000CDD0E7 /* DDXMLNode+HTML.m */,
				D57799B110CC02D200CDD0E7 /* DDXML.h */,
				D57799B210CC02D200CDD0E7 /* DDXMLDocument.h */,
				D57799B310CC02D200CDD0E7 /* DDXMLDocument.m */,
				D57799B410CC02D200CDD0E7 /* DDXMLElement.h */,
				D57799B510CC02D200CDD0E7 /* DDXMLElement.m */,
				D57799B610CC02D200CDD0E7 /* DDXMLElementAdditions.h */,
				D57799B710CC02D200CDD0E7 /* DDXMLElementAdditions.m */,
				D57799B810CC02D200CDD0E7 /* DDXMLNode.h */,
				D57799B910CC02D200CDD0E7 /* DDXMLNode.m */,
				D57799BA10CC02D200CDD0E7 /* DDXMLPrivate.h */,
				D57799BB10CC02D200CDD0E7 /* NSStringAdditions.h */,
				D57799BC10CC02D200CDD0E7 /* NSStringAdditions.m */,
			);
			name = KissXML;
			sourceTree = "<group>";
		};
		D5EF938910BF1A5B004A40DE /* XIB */ = {
			isa = PBXGroup;
			children = (
				D5BA9B6310B438C30066082A /* TagsController.xib */,
				D5D206E110B03B0000C3531C /* BrowserViewController.xib */,
				28F335F01007B36200424DE2 /* RootViewController.xib */,
				28AD735F0D9D9599002E5188 /* MainWindow.xib */,
			);
			name = XIB;
			sourceTree = "<group>";
		};
/* End PBXGroup section */

/* Begin PBXNativeTarget section */
		1D6058900D05DD3D006BFB54 /* TodayInHistory */ = {
			isa = PBXNativeTarget;
			buildConfigurationList = 1D6058960D05DD3E006BFB54 /* Build configuration list for PBXNativeTarget "TodayInHistory" */;
			buildPhases = (
				1D60588D0D05DD3D006BFB54 /* Resources */,
				1D60588E0D05DD3D006BFB54 /* Sources */,
				1D60588F0D05DD3D006BFB54 /* Frameworks */,
			);
			buildRules = (
			);
			dependencies = (
			);
			name = TodayInHistory;
			productName = DVDCase;
			productReference = 1D6058910D05DD3D006BFB54 /* TodayInHistory.app */;
			productType = "com.apple.product-type.application";
		};
		A52F47F610EAAB6500894139 /* Tests */ = {
			isa = PBXNativeTarget;
			buildConfigurationList = A52F47FC10EAAB6700894139 /* Build configuration list for PBXNativeTarget "Tests" */;
			buildPhases = (
				A52F47F310EAAB6500894139 /* Resources */,
				A52F47F410EAAB6500894139 /* Sources */,
				A52F47F510EAAB6500894139 /* Frameworks */,
				A52F481410EAAC2B00894139 /* ShellScript */,
			);
			buildRules = (
			);
			dependencies = (
			);
			name = Tests;
			productName = Tests;
			productReference = A52F47F710EAAB6500894139 /* Tests.app */;
			productType = "com.apple.product-type.application";
		};
/* End PBXNativeTarget section */

/* Begin PBXProject section */
		29B97313FDCFA39411CA2CEA /* Project object */ = {
			isa = PBXProject;
			buildConfigurationList = C01FCF4E08A954540054247B /* Build configuration list for PBXProject "TodayInHistory" */;
			compatibilityVersion = "Xcode 3.1";
			hasScannedForEncodings = 1;
			knownRegions = (
				English,
				Japanese,
				French,
				German,
				en,
			);
			mainGroup = 29B97314FDCFA39411CA2CEA /* CustomTemplate */;
			projectDirPath = "";
			projectRoot = "";
			targets = (
				1D6058900D05DD3D006BFB54 /* TodayInHistory */,
				A52F47F610EAAB6500894139 /* Tests */,
			);
		};
/* End PBXProject section */

/* Begin PBXResourcesBuildPhase section */
		1D60588D0D05DD3D006BFB54 /* Resources */ = {
			isa = PBXResourcesBuildPhase;
			buildActionMask = 2147483647;
			files = (
				28AD73600D9D9599002E5188 /* MainWindow.xib in Resources */,
				28F335F11007B36200424DE2 /* RootViewController.xib in Resources */,
				D5D206E210B03B0000C3531C /* BrowserViewController.xib in Resources */,
				D52F90E910B41FA200A08BF6 /* 01-refresh.png in Resources */,
				D52F90EA10B41FA200A08BF6 /* NavBack.png in Resources */,
				D52F90EB10B41FA200A08BF6 /* NavForward.png in Resources */,
				D5BA9B6410B438C30066082A /* TagsController.xib in Resources */,
				D577AA5310DD19C100CDD0E7 /* March_1.html in Resources */,
			);
			runOnlyForDeploymentPostprocessing = 0;
		};
		A52F47F310EAAB6500894139 /* Resources */ = {
			isa = PBXResourcesBuildPhase;
			buildActionMask = 2147483647;
			files = (
			);
			runOnlyForDeploymentPostprocessing = 0;
		};
/* End PBXResourcesBuildPhase section */

/* Begin PBXShellScriptBuildPhase section */
		A52F481410EAAC2B00894139 /* ShellScript */ = {
			isa = PBXShellScriptBuildPhase;
			buildActionMask = 2147483647;
			files = (
			);
			inputPaths = (
			);
			outputPaths = (
			);
			runOnlyForDeploymentPostprocessing = 0;
			shellPath = /bin/sh;
			shellScript = "/bin/sh $SRCROOT/Tests/RunIPhoneUnitTest.sh";
		};
/* End PBXShellScriptBuildPhase section */

/* Begin PBXSourcesBuildPhase section */
		1D60588E0D05DD3D006BFB54 /* Sources */ = {
			isa = PBXSourcesBuildPhase;
			buildActionMask = 2147483647;
			files = (
				1D60589B0D05DD56006BFB54 /* main.m in Sources */,
				1D3623260D0F684500981E51 /* TIHAppDelegate.m in Sources */,
				28C286E10D94DF7D0034E888 /* RootViewController.m in Sources */,
				D50C675C109A19DE00E47FD2 /* TagsController.m in Sources */,
				D5D8653C109C98E300DA5B25 /* Event.m in Sources */,
				D5CFA75F109CCC1C00645CD0 /* Tag.m in Sources */,
				D5CFA763109CD78200645CD0 /* Server.m in Sources */,
				D5D206E010B03AEE00C3531C /* BrowserViewController.m in Sources */,
				D5D2070D10B03FE300C3531C /* NetState.m in Sources */,
				D57799BD10CC02D200CDD0E7 /* DDXMLDocument.m in Sources */,
				D57799BE10CC02D200CDD0E7 /* DDXMLElement.m in Sources */,
				D57799BF10CC02D200CDD0E7 /* DDXMLElementAdditions.m in Sources */,
				D57799C010CC02D200CDD0E7 /* DDXMLNode.m in Sources */,
				D57799C110CC02D200CDD0E7 /* NSStringAdditions.m in Sources */,
				D5779A5010CC040000CDD0E7 /* DDXMLDocument+HTML.m in Sources */,
				D5779A5110CC040000CDD0E7 /* DDXMLNode+HTML.m in Sources */,
				A590A93810E661EE00A3151C /* NSThread+PLBlocks.m in Sources */,
			);
			runOnlyForDeploymentPostprocessing = 0;
		};
		A52F47F410EAAB6500894139 /* Sources */ = {
			isa = PBXSourcesBuildPhase;
			buildActionMask = 2147483647;
			files = (
				A52F484710EAAFCE00894139 /* DDXMLDocument+HTML.m in Sources */,
				A52F484910EAAFCE00894139 /* DDXMLNode+HTML.m in Sources */,
				A52F484C10EAAFCE00894139 /* DDXMLDocument.m in Sources */,
				A52F484E10EAAFCE00894139 /* DDXMLElement.m in Sources */,
				A52F485010EAAFCE00894139 /* DDXMLElementAdditions.m in Sources */,
				A52F485210EAAFCE00894139 /* DDXMLNode.m in Sources */,
				A52F485510EAAFCE00894139 /* NSStringAdditions.m in Sources */,
				A52F480C10EAAC1200894139 /* GTMIPhoneUnitTestDelegate.m in Sources */,
				A52F480D10EAAC1500894139 /* GTMIPhoneUnitTestMain.m in Sources */,
				A52F480E10EAAC1A00894139 /* GTMSenTestCase.m in Sources */,
				A52F482910EAACEA00894139 /* GTMObjC2Runtime.m in Sources */,
				A52F482F10EAAD3300894139 /* Event.m in Sources */,
				A52F483010EAAD3300894139 /* Tag.m in Sources */,
				A52F483110EAAD3300894139 /* Server.m in Sources */,
				A52F483610EAAD7300894139 /* EventTest.m in Sources */,
			);
			runOnlyForDeploymentPostprocessing = 0;
		};
/* End PBXSourcesBuildPhase section */

/* Begin XCBuildConfiguration section */
		1D6058940D05DD3E006BFB54 /* Debug */ = {
			isa = XCBuildConfiguration;
			buildSettings = {
				ALWAYS_SEARCH_USER_PATHS = NO;
				COPY_PHASE_STRIP = NO;
				FRAMEWORK_SEARCH_PATHS = (
					"$(inherited)",
					"\"$(SRCROOT)\"",
				);
				GCC_DYNAMIC_NO_PIC = NO;
				GCC_OPTIMIZATION_LEVEL = 0;
				GCC_PRECOMPILE_PREFIX_HEADER = YES;
				GCC_PREFIX_HEADER = TodayInHistory_Prefix.pch;
				HEADER_SEARCH_PATHS = /usr/include/libxml2;
				INFOPLIST_FILE = "TodayInHistory-Info.plist";
				PRODUCT_NAME = TodayInHistory;
			};
			name = Debug;
		};
		1D6058950D05DD3E006BFB54 /* Release */ = {
			isa = XCBuildConfiguration;
			buildSettings = {
				ALWAYS_SEARCH_USER_PATHS = NO;
				COPY_PHASE_STRIP = YES;
				FRAMEWORK_SEARCH_PATHS = (
					"$(inherited)",
					"\"$(SRCROOT)\"",
				);
				GCC_PRECOMPILE_PREFIX_HEADER = YES;
				GCC_PREFIX_HEADER = TodayInHistory_Prefix.pch;
				HEADER_SEARCH_PATHS = /usr/include/libxml2;
				INFOPLIST_FILE = "TodayInHistory-Info.plist";
				PRODUCT_NAME = TodayInHistory;
			};
			name = Release;
		};
		A52F47FA10EAAB6600894139 /* Debug */ = {
			isa = XCBuildConfiguration;
			buildSettings = {
				ALWAYS_SEARCH_USER_PATHS = NO;
				CODE_SIGN_IDENTITY = "iPhone Developer";
				COPY_PHASE_STRIP = NO;
				FRAMEWORK_SEARCH_PATHS = (
					"$(inherited)",
					"\"$(SRCROOT)\"",
				);
				GCC_DYNAMIC_NO_PIC = NO;
				GCC_OPTIMIZATION_LEVEL = 0;
				GCC_PRECOMPILE_PREFIX_HEADER = YES;
				GCC_PREFIX_HEADER = "$(SYSTEM_LIBRARY_DIR)/Frameworks/UIKit.framework/Headers/UIKit.h";
				HEADER_SEARCH_PATHS = /usr/include/libxml2;
				INFOPLIST_FILE = "Tests-Info.plist";
				INSTALL_PATH = "$(HOME)/Applications";
				OTHER_CFLAGS = (
					"-DTEAMCITY",
					"-fblocks",
					"-DSTUB",
				);
				OTHER_LDFLAGS = (
					"-lxml2",
					"-framework",
					Foundation,
					"-framework",
					UIKit,
				);
				PREBINDING = NO;
				PRODUCT_NAME = Tests;
				SDKROOT = iphonesimulator3.1.2;
			};
			name = Debug;
		};
		A52F47FB10EAAB6600894139 /* Release */ = {
			isa = XCBuildConfiguration;
			buildSettings = {
				ALWAYS_SEARCH_USER_PATHS = NO;
				CODE_SIGN_IDENTITY = "iPhone Developer";
				COPY_PHASE_STRIP = YES;
				DEBUG_INFORMATION_FORMAT = "dwarf-with-dsym";
				FRAMEWORK_SEARCH_PATHS = (
					"$(inherited)",
					"\"$(SRCROOT)\"",
				);
				GCC_ENABLE_FIX_AND_CONTINUE = NO;
				GCC_PRECOMPILE_PREFIX_HEADER = YES;
				GCC_PREFIX_HEADER = "$(SYSTEM_LIBRARY_DIR)/Frameworks/UIKit.framework/Headers/UIKit.h";
				HEADER_SEARCH_PATHS = /usr/include/libxml2;
				INFOPLIST_FILE = "Tests-Info.plist";
				INSTALL_PATH = "$(HOME)/Applications";
				OTHER_LDFLAGS = (
					"-framework",
					Foundation,
					"-framework",
					UIKit,
				);
				PREBINDING = NO;
				PRODUCT_NAME = Tests;
				SDKROOT = iphoneos3.1.2;
				ZERO_LINK = NO;
			};
			name = Release;
		};
		C01FCF4F08A954540054247B /* Debug */ = {
			isa = XCBuildConfiguration;
			buildSettings = {
				ARCHS = "$(ARCHS_STANDARD_32_BIT)";
				"CODE_SIGN_IDENTITY[sdk=iphoneos*]" = "iPhone Developer";
				GCC_C_LANGUAGE_STANDARD = c99;
				GCC_VERSION = coop.plausible.blocks.compilers.gcc.4_2;
				GCC_WARN_ABOUT_RETURN_TYPE = YES;
				GCC_WARN_UNUSED_VARIABLE = YES;
				HEADER_SEARCH_PATHS = /usr/include/libxml2;
				OTHER_CFLAGS = (
					"-fblocks",
					"-DSTUB",
				);
				OTHER_LDFLAGS = "-lxml2";
				PREBINDING = NO;
				SDKROOT = iphoneos3.1.2;
			};
			name = Debug;
		};
		C01FCF5008A954540054247B /* Release */ = {
			isa = XCBuildConfiguration;
			buildSettings = {
				ARCHS = "$(ARCHS_STANDARD_32_BIT)";
				"CODE_SIGN_IDENTITY[sdk=iphoneos*]" = "iPhone Developer";
				GCC_C_LANGUAGE_STANDARD = c99;
				GCC_VERSION = coop.plausible.blocks.compilers.gcc.4_2;
				GCC_WARN_ABOUT_RETURN_TYPE = YES;
				GCC_WARN_UNUSED_VARIABLE = YES;
				OTHER_CFLAGS = "-fblocks";
				PREBINDING = NO;
				SDKROOT = iphoneos3.1.2;
			};
			name = Release;
		};
/* End XCBuildConfiguration section */

/* Begin XCConfigurationList section */
		1D6058960D05DD3E006BFB54 /* Build configuration list for PBXNativeTarget "TodayInHistory" */ = {
			isa = XCConfigurationList;
			buildConfigurations = (
				1D6058940D05DD3E006BFB54 /* Debug */,
				1D6058950D05DD3E006BFB54 /* Release */,
			);
			defaultConfigurationIsVisible = 0;
			defaultConfigurationName = Release;
		};
		A52F47FC10EAAB6700894139 /* Build configuration list for PBXNativeTarget "Tests" */ = {
			isa = XCConfigurationList;
			buildConfigurations = (
				A52F47FA10EAAB6600894139 /* Debug */,
				A52F47FB10EAAB6600894139 /* Release */,
			);
			defaultConfigurationIsVisible = 0;
			defaultConfigurationName = Release;
		};
		C01FCF4E08A954540054247B /* Build configuration list for PBXProject "TodayInHistory" */ = {
			isa = XCConfigurationList;
			buildConfigurations = (
				C01FCF4F08A954540054247B /* Debug */,
				C01FCF5008A954540054247B /* Release */,
			);
			defaultConfigurationIsVisible = 0;
			defaultConfigurationName = Release;
		};
/* End XCConfigurationList section */
	};
	rootObject = 29B97313FDCFA39411CA2CEA /* Project object */;
}
